
Microsoft Visual Studio Solution File, Format Version 12.00
# Visual Studio Version 17
VisualStudioVersion = 17.8.34330.188
MinimumVisualStudioVersion = 10.0.40219.1
Project("{FAE04EC0-301F-11D3-BF4B-00C04F79EFBC}") = "Prova", "Prova\Prova.csproj", "{C2781C43-FA36-4D7F-821E-B3BE2831B5E1}"
EndProject
Global
	GlobalSection(SolutionConfigurationPlatforms) = preSolution
		Debug|Any CPU = Debug|Any CPU
		Release|Any CPU = Release|Any CPU
	EndGlobalSection
	GlobalSection(ProjectConfigurationPlatforms) = postSolution
		{C2781C43-FA36-4D7F-821E-B3BE2831B5E1}.Debug|Any CPU.ActiveCfg = Debug|Any CPU
		{C2781C43-FA36-4D7F-821E-B3BE2831B5E1}.Debug|Any CPU.Build.0 = Debug|Any CPU
		{C2781C43-FA36-4D7F-821E-B3BE2831B5E1}.Debug|Any CPU.Deploy.0 = Debug|Any CPU
		{C2781C43-FA36-4D7F-821E-B3BE2831B5E1}.Release|Any CPU.ActiveCfg = Release|Any CPU
		{C2781C43-FA36-4D7F-821E-B3BE2831B5E1}.Release|Any CPU.Build.0 = Release|Any CPU
		{C2781C43-FA36-4D7F-821E-B3BE2831B5E1}.Release|Any CPU.Deploy.0 = Release|Any CPU
	EndGlobalSection
	GlobalSection(SolutionProperties) = preSolution
		HideSolutionNode = FALSE
	EndGlobalSection
	GlobalSection(ExtensibilityGlobals) = postSolution
		SolutionGuid = {19220756-C174-431B-A734-A85C14419BD5}
	EndGlobalSection
EndGlobal
